# This file is automatically @generated by Poetry 2.2.1 and should not be changed by hand.

[[package]]
name = "capnp-stubs"
version = "0.1.0"
description = "Type stubs for the pycapnp package"
optional = false
python-versions = ">=3.12,<3.14"
groups = ["main"]
files = []
develop = true

[package.dependencies]
pycapnp = ">=2.1.0,<3.0.0"
ruff = ">=0.14.0,<0.15.0"
vulture = ">=2.14,<3.0"

[package.source]
type = "directory"
url = "../../Zalf/zalf-rpm/mas/pycapnp-stubs"

[[package]]
name = "colorama"
version = "0.4.6"
description = "Cross-platform colored terminal text."
optional = false
python-versions = "!=3.0.*,!=3.1.*,!=3.2.*,!=3.3.*,!=3.4.*,!=3.5.*,!=3.6.*,>=2.7"
groups = ["dev"]
markers = "sys_platform == \"win32\""
files = [
    {file = "colorama-0.4.6-py2.py3-none-any.whl", hash = "sha256:4f1d9991f5acc0ca119f9d443620b77f9d6b33703e51011c16baf57afb285fc6"},
    {file = "colorama-0.4.6.tar.gz", hash = "sha256:08695f5cb7ed6e0531a20572697297273c47b8cae5a63ffc6d6ed5c201be6e44"},
]

[[package]]
name = "deadcode"
version = "2.4.1"
description = "Find and remove dead code."
optional = false
python-versions = ">=3.10"
groups = ["main"]
files = [
    {file = "deadcode-2.4.1-py3-none-any.whl", hash = "sha256:a16b28b601a82d5dc7ebfcab464a6f65e22a99d5684ec4c7907bdb75f8f64050"},
    {file = "deadcode-2.4.1.tar.gz", hash = "sha256:1ba1e22425cf53c4b3f5ddd46e62a86d98479b47f2ac3430ae60910ac8cb318d"},
]

[package.dependencies]
tomli = ">=2.0.1"

[package.extras]
test = ["hatch", "mypy", "pip-audit", "pytest", "pytest-cov", "ruff"]

[[package]]
name = "iniconfig"
version = "2.3.0"
description = "brain-dead simple config-ini parsing"
optional = false
python-versions = ">=3.10"
groups = ["dev"]
files = [
    {file = "iniconfig-2.3.0-py3-none-any.whl", hash = "sha256:f631c04d2c48c52b84d0d0549c99ff3859c98df65b3101406327ecc7d53fbf12"},
    {file = "iniconfig-2.3.0.tar.gz", hash = "sha256:c76315c77db068650d49c5b56314774a7804df16fee4402c1f19d6d15d8c4730"},
]

[[package]]
name = "nodeenv"
version = "1.9.1"
description = "Node.js virtual environment builder"
optional = false
python-versions = "!=3.0.*,!=3.1.*,!=3.2.*,!=3.3.*,!=3.4.*,!=3.5.*,!=3.6.*,>=2.7"
groups = ["main"]
files = [
    {file = "nodeenv-1.9.1-py2.py3-none-any.whl", hash = "sha256:ba11c9782d29c27c70ffbdda2d7415098754709be8a7056d79a737cd901155c9"},
    {file = "nodeenv-1.9.1.tar.gz", hash = "sha256:6ec12890a2dab7946721edbfbcd91f3319c6ccc9aec47be7c7e6b7011ee6645f"},
]

[[package]]
name = "packaging"
version = "25.0"
description = "Core utilities for Python packages"
optional = false
python-versions = ">=3.8"
groups = ["dev"]
files = [
    {file = "packaging-25.0-py3-none-any.whl", hash = "sha256:29572ef2b1f17581046b3a2227d5c611fb25ec70ca1ba8554b24b0e69331a484"},
    {file = "packaging-25.0.tar.gz", hash = "sha256:d443872c98d677bf60f6a1f2f8c1cb748e8fe762d2bf9d3148b5599295b0fc4f"},
]

[[package]]
name = "pluggy"
version = "1.6.0"
description = "plugin and hook calling mechanisms for python"
optional = false
python-versions = ">=3.9"
groups = ["dev"]
files = [
    {file = "pluggy-1.6.0-py3-none-any.whl", hash = "sha256:e920276dd6813095e9377c0bc5566d94c932c33b27a3e3945d8389c374dd4746"},
    {file = "pluggy-1.6.0.tar.gz", hash = "sha256:7dcc130b76258d33b90f61b658791dede3486c3e6bfb003ee5c9bfb396dd22f3"},
]

[package.extras]
dev = ["pre-commit", "tox"]
testing = ["coverage", "pytest", "pytest-benchmark"]

[[package]]
name = "pycapnp"
version = "2.2.1"
description = "A cython wrapping of the C++ Cap'n Proto library"
optional = false
python-versions = ">=3.8"
groups = ["main"]
files = [
    {file = "pycapnp-2.2.1-cp310-cp310-macosx_10_9_x86_64.whl", hash = "sha256:602b7d73a307443543e1eb6128c374e946a59f1d9df995ae721816b7f58cc275"},
    {file = "pycapnp-2.2.1-cp310-cp310-macosx_11_0_arm64.whl", hash = "sha256:7775d5688eb7a657a681c9e60ef7f42706cbb5521c93a6c1f583931264ca451e"},
    {file = "pycapnp-2.2.1-cp310-cp310-manylinux_2_28_aarch64.whl", hash = "sha256:8605bc739c2858ee64c353a8247add43701a32e3e29cb7cad83a1be07058e950"},
    {file = "pycapnp-2.2.1-cp310-cp310-manylinux_2_28_i686.whl", hash = "sha256:e3cf9a7abc3a088a69746428583b999b4eb0c8b09bf59e60644eca9585b37b05"},
    {file = "pycapnp-2.2.1-cp310-cp310-manylinux_2_28_ppc64le.whl", hash = "sha256:1555e95ab348420473806c6091dec6f4e022da2a5b033c6e221f077059037120"},
    {file = "pycapnp-2.2.1-cp310-cp310-manylinux_2_28_s390x.whl", hash = "sha256:62e3321671a6eb811b9d684bb2a921c937fa5d2178656702af16ba676d1d040e"},
    {file = "pycapnp-2.2.1-cp310-cp310-manylinux_2_28_x86_64.whl", hash = "sha256:69ace4bd45a0710539928e4f5052efc292259441bb0074ccf16363097192573b"},
    {file = "pycapnp-2.2.1-cp310-cp310-musllinux_1_2_aarch64.whl", hash = "sha256:c3835dfb9631c04d2efd2aa53ba452c4302050eea779800cf581ed7d4844d38a"},
    {file = "pycapnp-2.2.1-cp310-cp310-musllinux_1_2_i686.whl", hash = "sha256:91de90ee18262414703b55abf3145b9c84570c63c90866def88af34a130cd3b2"},
    {file = "pycapnp-2.2.1-cp310-cp310-musllinux_1_2_ppc64le.whl", hash = "sha256:d09497bb1e727dbda79b703a3191d61bbf874ec75916efd2cd5945a0a7d06581"},
    {file = "pycapnp-2.2.1-cp310-cp310-musllinux_1_2_s390x.whl", hash = "sha256:0c187cfe4978f37c50f5b22bd61aca96c57719ba4cb138e80c43864b7e91b104"},
    {file = "pycapnp-2.2.1-cp310-cp310-musllinux_1_2_x86_64.whl", hash = "sha256:413e048096751eff8569533a31ef6ba8b008f5d27064ce240c4e0a5ea8380b5b"},
    {file = "pycapnp-2.2.1-cp310-cp310-win32.whl", hash = "sha256:f9ffe17fcd9caf94b0eeefdbbd325e244df970261de3c18ab4b3d83e43c9ee9a"},
    {file = "pycapnp-2.2.1-cp310-cp310-win_amd64.whl", hash = "sha256:e9b4d45d7b2968f27a5cda5eda30a0091feff38714de6dfe22911012bcba0827"},
    {file = "pycapnp-2.2.1-cp311-cp311-macosx_10_9_x86_64.whl", hash = "sha256:418ad80c3f4bdc6ec0ce3b38e278e64c4f843a1910a0772ff45bd83e35a7cf18"},
    {file = "pycapnp-2.2.1-cp311-cp311-macosx_11_0_arm64.whl", hash = "sha256:3242d2e0e2b89a10cf253d9a9d138c411ce2f60b3799ef8d9344c5b314cbfa33"},
    {file = "pycapnp-2.2.1-cp311-cp311-manylinux_2_28_aarch64.whl", hash = "sha256:e3b6e9b538b4a440c027af65e846ad5c7989cd831fcf983eb16d17fae79fdca3"},
    {file = "pycapnp-2.2.1-cp311-cp311-manylinux_2_28_i686.whl", hash = "sha256:6d1e03d1ee94e5b268896d5643efb58925d80fb6a368e4739a39f100838be6b5"},
    {file = "pycapnp-2.2.1-cp311-cp311-manylinux_2_28_ppc64le.whl", hash = "sha256:4813d25d23ec7a967352dbfce76d893ae5c4d5a9993f51ca8c01f48847f4b1d9"},
    {file = "pycapnp-2.2.1-cp311-cp311-manylinux_2_28_s390x.whl", hash = "sha256:41b31b9dafcb192a8aed6387288732d642bfaf53ef11ce9edc815e72c6402846"},
    {file = "pycapnp-2.2.1-cp311-cp311-manylinux_2_28_x86_64.whl", hash = "sha256:d682ae9f23a0c6568533ca2ebf6d70ac7e599dd222f671fa87dff278de343eec"},
    {file = "pycapnp-2.2.1-cp311-cp311-musllinux_1_2_aarch64.whl", hash = "sha256:5331b916bafdb84337a2c1a5d90170863486d6254b8852444b94bd0315e6e6b4"},
    {file = "pycapnp-2.2.1-cp311-cp311-musllinux_1_2_i686.whl", hash = "sha256:eec84369e4c1d163414db7f696c06887848f593a4df5ed7de3641b0179eb3922"},
    {file = "pycapnp-2.2.1-cp311-cp311-musllinux_1_2_ppc64le.whl", hash = "sha256:b83a96251002fc236d7bda12b6eb6136a13dbca4206774834ac424c66bbdc9f2"},
    {file = "pycapnp-2.2.1-cp311-cp311-musllinux_1_2_s390x.whl", hash = "sha256:919926821d7700c3e0c72a51169edbdd9a0991769733ff23cd732e6698bf99e2"},
    {file = "pycapnp-2.2.1-cp311-cp311-musllinux_1_2_x86_64.whl", hash = "sha256:9b23e828a3d1e4e00b104af9ffe7da88a8ab33d343e454288bd0d8d7c5199b25"},
    {file = "pycapnp-2.2.1-cp311-cp311-win32.whl", hash = "sha256:66196fe4c34d8493db504349d53f01b93f5a8771739a8f0bbf20ba363048e5b6"},
    {file = "pycapnp-2.2.1-cp311-cp311-win_amd64.whl", hash = "sha256:9d4fbcdfb7e1b34cdfc20d9a7eb79a3b6e9e701a69a06c99545a9b29aa7588cb"},
    {file = "pycapnp-2.2.1-cp312-cp312-macosx_10_13_x86_64.whl", hash = "sha256:e22c74af06586abd8d8453a91bc7610e469771907246346822faa742fa72c0ca"},
    {file = "pycapnp-2.2.1-cp312-cp312-macosx_11_0_arm64.whl", hash = "sha256:c7dc00457ef03e4b1587d63f63e87a5fffc9c3268fb2cbe7ad9d460813ac6c14"},
    {file = "pycapnp-2.2.1-cp312-cp312-manylinux_2_28_aarch64.whl", hash = "sha256:c41e93efec53f5adc18f72dd4f2f4790c4f28d907155c5a8975fdc073a752edb"},
    {file = "pycapnp-2.2.1-cp312-cp312-manylinux_2_28_i686.whl", hash = "sha256:e6d09f51caaf4b9184b1a8c1bcb756b8774e3891febd9e8bafb9736eb7cc6abf"},
    {file = "pycapnp-2.2.1-cp312-cp312-manylinux_2_28_ppc64le.whl", hash = "sha256:40548abb12ce7441945d6d5c2da3c72e789eaf5e8eddc374d0450191a8f55c98"},
    {file = "pycapnp-2.2.1-cp312-cp312-manylinux_2_28_s390x.whl", hash = "sha256:95046f1069237fcc07c72b1a4604916e338ea54c8fe411bdd7cc09f1ded9aed4"},
    {file = "pycapnp-2.2.1-cp312-cp312-manylinux_2_28_x86_64.whl", hash = "sha256:66714dbca707a4cdd5e60f97cd0f3d2c88ad3c56b05a42b6887397ccdc0ee5b1"},
    {file = "pycapnp-2.2.1-cp312-cp312-musllinux_1_2_aarch64.whl", hash = "sha256:cea2543ad9edc15d22f4449074d7d729a10521c164a5a3c33cfbd37bc083606a"},
    {file = "pycapnp-2.2.1-cp312-cp312-musllinux_1_2_i686.whl", hash = "sha256:16dae94463d129969f48711be5f234719c98992a27652e20da0376266f790603"},
    {file = "pycapnp-2.2.1-cp312-cp312-musllinux_1_2_ppc64le.whl", hash = "sha256:ec778ae022e5330f38cbd2b28f8f77c3687ea65432c3d0d1c51272976d49c904"},
    {file = "pycapnp-2.2.1-cp312-cp312-musllinux_1_2_s390x.whl", hash = "sha256:eb4d87aad63ce63fd84a205af691098459cc1b40ffabe9c4cba5ab49c6b3ad47"},
    {file = "pycapnp-2.2.1-cp312-cp312-musllinux_1_2_x86_64.whl", hash = "sha256:9340463c40d83c9fcc45d8706692b04f604dcd729a6b8d802700dd2a0a425281"},
    {file = "pycapnp-2.2.1-cp312-cp312-win32.whl", hash = "sha256:52b2f233833ababf38b43195ddbbe3d8d58a11216c5ba3effc3ebd7c4727c582"},
    {file = "pycapnp-2.2.1-cp312-cp312-win_amd64.whl", hash = "sha256:25958963c28c77144f9f060faeb87f0f796060176cad938309ec8dccd39faec8"},
    {file = "pycapnp-2.2.1-cp313-cp313-macosx_10_13_x86_64.whl", hash = "sha256:fe58a968698ece0c9949358567dc39e57ff66c5229da10bcc6adacb9715a0f1d"},
    {file = "pycapnp-2.2.1-cp313-cp313-macosx_11_0_arm64.whl", hash = "sha256:1e4486deeda8b30235678308f1da35d15468e64f1d949814002fb11a19c9a9be"},
    {file = "pycapnp-2.2.1-cp313-cp313-manylinux_2_28_aarch64.whl", hash = "sha256:ed484e361b3c0a0f56cd955b4af5c84b8e184e14e356f4177cf7cfa9dddf49cb"},
    {file = "pycapnp-2.2.1-cp313-cp313-manylinux_2_28_i686.whl", hash = "sha256:5935f17c16e6117ba56fe7fa7388be0204765b82e74d0f630a34d8f2f832f0d0"},
    {file = "pycapnp-2.2.1-cp313-cp313-manylinux_2_28_ppc64le.whl", hash = "sha256:402368bfe9fb3924c9a4ff3c1778ba68defb6b67bbe579537a7129924c12b188"},
    {file = "pycapnp-2.2.1-cp313-cp313-manylinux_2_28_s390x.whl", hash = "sha256:4b2b7e1d42fefe61f538d93680b60f9883a7dfb8fad2e10d69c08bc9f20bd0d4"},
    {file = "pycapnp-2.2.1-cp313-cp313-manylinux_2_28_x86_64.whl", hash = "sha256:04b608e3303edc6d5ea1d8a4589bd957c5cb002019f2a21df98fd8b2f4158d66"},
    {file = "pycapnp-2.2.1-cp313-cp313-musllinux_1_2_aarch64.whl", hash = "sha256:084eb029ae265982c62018dc6a227557c4ef812cee87ae813fce46b8612a6a2f"},
    {file = "pycapnp-2.2.1-cp313-cp313-musllinux_1_2_i686.whl", hash = "sha256:06aca5c484cf5575b2ba531216945b6c9495099812feb6ef49d09ae0dff32719"},
    {file = "pycapnp-2.2.1-cp313-cp313-musllinux_1_2_ppc64le.whl", hash = "sha256:560c275e1b45e7bfe264a6a32aa37ce96c996b5b7864ceba98718d4200158b63"},
    {file = "pycapnp-2.2.1-cp313-cp313-musllinux_1_2_s390x.whl", hash = "sha256:50b68f57211245bd8f6f908720a096227450342f91e5a6f99bb3dfd9a2bf2207"},
    {file = "pycapnp-2.2.1-cp313-cp313-musllinux_1_2_x86_64.whl", hash = "sha256:02423e40d854336e73dd438b7454ec148139324ff25b04f0c9ca4a229938103c"},
    {file = "pycapnp-2.2.1-cp313-cp313-win32.whl", hash = "sha256:37441f85a2bb7246d406e4cf319fc7bf059403a7527c24c1e1315ab82b785ab5"},
    {file = "pycapnp-2.2.1-cp313-cp313-win_amd64.whl", hash = "sha256:6f859fefdfddb543cb76995d298ea6e2c6439df80fd2a0e5e0a6734ec65c8c7c"},
    {file = "pycapnp-2.2.1-cp38-cp38-macosx_10_9_x86_64.whl", hash = "sha256:70ff280d41a8e5b557f10a55aa94a97493843f6deb02afca859137408cb2e2dc"},
    {file = "pycapnp-2.2.1-cp38-cp38-macosx_11_0_arm64.whl", hash = "sha256:a4fd41badfbc7c615a7986c01ddef4d87885e52fb7d38b7dbc37cc7dc1a5ebf5"},
    {file = "pycapnp-2.2.1-cp38-cp38-manylinux_2_28_aarch64.whl", hash = "sha256:ad8ffe2e7d364f15695e652f1ab1f04553a8f0239fa35933c949e0fbc0f9717e"},
    {file = "pycapnp-2.2.1-cp38-cp38-manylinux_2_28_i686.whl", hash = "sha256:ef5795a88425d1740850e59b01913838f81db5963aa7ea081b47f5b29eedecbd"},
    {file = "pycapnp-2.2.1-cp38-cp38-manylinux_2_28_ppc64le.whl", hash = "sha256:4e329701f7f903284f10b81a7ff1dfea1437be2421375db6e8fa7240718cba03"},
    {file = "pycapnp-2.2.1-cp38-cp38-manylinux_2_28_s390x.whl", hash = "sha256:5fe31f851c3000952b0e92412d0cc362f90ababa6cf759385300b3a992f96ac4"},
    {file = "pycapnp-2.2.1-cp38-cp38-manylinux_2_28_x86_64.whl", hash = "sha256:0783924a4a31f0ee029b585bca2b2367a8b8542ea8ffeac2995937462d41e115"},
    {file = "pycapnp-2.2.1-cp38-cp38-musllinux_1_2_aarch64.whl", hash = "sha256:deb5ac98bba5bc7c9fd231c78fdcf471998c27b0bde5252c99c73780e742abeb"},
    {file = "pycapnp-2.2.1-cp38-cp38-musllinux_1_2_i686.whl", hash = "sha256:2acd993f5e233a25c20e599e03d34244106442495ef81f1616a908db3d9c98eb"},
    {file = "pycapnp-2.2.1-cp38-cp38-musllinux_1_2_ppc64le.whl", hash = "sha256:7fd30a3f38189f32fc9cd3688b4805118f7055b9e5cec1c20771c47ff0fd46d9"},
    {file = "pycapnp-2.2.1-cp38-cp38-musllinux_1_2_s390x.whl", hash = "sha256:db260d2420d3b935b785d82d14b4b522266a28aaf8cf84266971b1aebd324f96"},
    {file = "pycapnp-2.2.1-cp38-cp38-musllinux_1_2_x86_64.whl", hash = "sha256:29b2ff0fe7a10fa16ccfa0c4a51efc1aa30e86b9769d286f87ddcc75ea85e796"},
    {file = "pycapnp-2.2.1-cp38-cp38-win32.whl", hash = "sha256:03386f32e829ba12a3643fed21d246ed49a9c49a00184b921e3c7bdf6db2b1c4"},
    {file = "pycapnp-2.2.1-cp38-cp38-win_amd64.whl", hash = "sha256:171a179ffefaf9b453fba5afac80f33187ff58dea3be6ebc8fd0d1e2e66d562b"},
    {file = "pycapnp-2.2.1-cp39-cp39-macosx_10_9_x86_64.whl", hash = "sha256:a9aa9c8dfaca8de36f42a9b57fec0d2174a6e6381ceed520311c5167e697a3b2"},
    {file = "pycapnp-2.2.1-cp39-cp39-macosx_11_0_arm64.whl", hash = "sha256:ed57bfd132247d50dcad107319dde0cfaacc5dd3bd1d5872b4dbf565fe9e46ff"},
    {file = "pycapnp-2.2.1-cp39-cp39-manylinux_2_28_aarch64.whl", hash = "sha256:f9fdc2d13b03630904bd29d4ad219ea40401d569ef8f0bd983438aa1fe2e6936"},
    {file = "pycapnp-2.2.1-cp39-cp39-manylinux_2_28_i686.whl", hash = "sha256:c5ca63dd3152894a5e6c1724e443e5f597eec06be70a2f80c263ca32056fe931"},
    {file = "pycapnp-2.2.1-cp39-cp39-manylinux_2_28_ppc64le.whl", hash = "sha256:6ae690e87b8ad97d2bc149c4683bebb0ce726bdd2322f9b6f9d71a3d3e065151"},
    {file = "pycapnp-2.2.1-cp39-cp39-manylinux_2_28_s390x.whl", hash = "sha256:ac47de6701ebf8ce229d8f41137ecb208210a2a6b230ef7fe98c404da29e4ea5"},
    {file = "pycapnp-2.2.1-cp39-cp39-manylinux_2_28_x86_64.whl", hash = "sha256:ad0b06d0d77fd564edb938987b9585c4e53050f879d08cbcd472e4556bb45c14"},
    {file = "pycapnp-2.2.1-cp39-cp39-musllinux_1_2_aarch64.whl", hash = "sha256:2a64ab3a1a673d053b3c8ac6e0d09c8c5ff2fa67e67464dcd9b2dd9d781b77a9"},
    {file = "pycapnp-2.2.1-cp39-cp39-musllinux_1_2_i686.whl", hash = "sha256:22cf1a882e72a2625bda4ab2c84c2f134867fc5895a62ad086fae6574678479e"},
    {file = "pycapnp-2.2.1-cp39-cp39-musllinux_1_2_ppc64le.whl", hash = "sha256:7e6fbb0050d64fb0305cf962194d0ba17e087d34d0ea00a39a5394a82cfdf029"},
    {file = "pycapnp-2.2.1-cp39-cp39-musllinux_1_2_s390x.whl", hash = "sha256:0f81e59ecde10fffb8b5b671b5cc85ca14595c9e2880a590b9463ac0ec76baae"},
    {file = "pycapnp-2.2.1-cp39-cp39-musllinux_1_2_x86_64.whl", hash = "sha256:babe77da5b69beb0af0e5e7525f8bf48d6df4c801772aff86e8c62f43d12e195"},
    {file = "pycapnp-2.2.1-cp39-cp39-win32.whl", hash = "sha256:b2c862acc98fa9e69fb4480f01d34098420dbf1b991fcaba688aa5bdaaa12d5e"},
    {file = "pycapnp-2.2.1-cp39-cp39-win_amd64.whl", hash = "sha256:5ce1484837846cd1dd5bda5090e658bf056c0729524395e4c29b2f84514cabf2"},
    {file = "pycapnp-2.2.1.tar.gz", hash = "sha256:a76432667bfb1e56b69fcc5bca4be7c72e1ac0f6ab57583857dc5d5293045451"},
]

[[package]]
name = "pygments"
version = "2.19.2"
description = "Pygments is a syntax highlighting package written in Python."
optional = false
python-versions = ">=3.8"
groups = ["dev"]
files = [
    {file = "pygments-2.19.2-py3-none-any.whl", hash = "sha256:86540386c03d588bb81d44bc3928634ff26449851e99741617ecb9037ee5ec0b"},
    {file = "pygments-2.19.2.tar.gz", hash = "sha256:636cb2477cec7f8952536970bc533bc43743542f70392ae026374600add5b887"},
]

[package.extras]
windows-terminal = ["colorama (>=0.4.6)"]

[[package]]
name = "pyright"
version = "1.1.407"
description = "Command line wrapper for pyright"
optional = false
python-versions = ">=3.7"
groups = ["main"]
files = [
    {file = "pyright-1.1.407-py3-none-any.whl", hash = "sha256:6dd419f54fcc13f03b52285796d65e639786373f433e243f8b94cf93a7444d21"},
    {file = "pyright-1.1.407.tar.gz", hash = "sha256:099674dba5c10489832d4a4b2d302636152a9a42d317986c38474c76fe562262"},
]

[package.dependencies]
nodeenv = ">=1.6.0"
typing-extensions = ">=4.1"

[package.extras]
all = ["nodejs-wheel-binaries", "twine (>=3.4.1)"]
dev = ["twine (>=3.4.1)"]
nodejs = ["nodejs-wheel-binaries"]

[[package]]
name = "pytest"
version = "9.0.1"
description = "pytest: simple powerful testing with Python"
optional = false
python-versions = ">=3.10"
groups = ["dev"]
files = [
    {file = "pytest-9.0.1-py3-none-any.whl", hash = "sha256:67be0030d194df2dfa7b556f2e56fb3c3315bd5c8822c6951162b92b32ce7dad"},
    {file = "pytest-9.0.1.tar.gz", hash = "sha256:3e9c069ea73583e255c3b21cf46b8d3c56f6e3a1a8f6da94ccb0fcf57b9d73c8"},
]

[package.dependencies]
colorama = {version = ">=0.4", markers = "sys_platform == \"win32\""}
iniconfig = ">=1.0.1"
packaging = ">=22"
pluggy = ">=1.5,<2"
pygments = ">=2.7.2"

[package.extras]
dev = ["argcomplete", "attrs (>=19.2)", "hypothesis (>=3.56)", "mock", "requests", "setuptools", "xmlschema"]

[[package]]
name = "ruff"
version = "0.14.5"
description = "An extremely fast Python linter and code formatter, written in Rust."
optional = false
python-versions = ">=3.7"
groups = ["main", "dev"]
files = [
    {file = "ruff-0.14.5-py3-none-linux_armv6l.whl", hash = "sha256:f3b8248123b586de44a8018bcc9fefe31d23dda57a34e6f0e1e53bd51fd63594"},
    {file = "ruff-0.14.5-py3-none-macosx_10_12_x86_64.whl", hash = "sha256:f7a75236570318c7a30edd7f5491945f0169de738d945ca8784500b517163a72"},
    {file = "ruff-0.14.5-py3-none-macosx_11_0_arm64.whl", hash = "sha256:6d146132d1ee115f8802356a2dc9a634dbf58184c51bff21f313e8cd1c74899a"},
    {file = "ruff-0.14.5-py3-none-manylinux_2_17_aarch64.manylinux2014_aarch64.whl", hash = "sha256:e2380596653dcd20b057794d55681571a257a42327da8894b93bbd6111aa801f"},
    {file = "ruff-0.14.5-py3-none-manylinux_2_17_armv7l.manylinux2014_armv7l.whl", hash = "sha256:2d1fa985a42b1f075a098fa1ab9d472b712bdb17ad87a8ec86e45e7fa6273e68"},
    {file = "ruff-0.14.5-py3-none-manylinux_2_17_i686.manylinux2014_i686.whl", hash = "sha256:88f0770d42b7fa02bbefddde15d235ca3aa24e2f0137388cc15b2dcbb1f7c7a7"},
    {file = "ruff-0.14.5-py3-none-manylinux_2_17_ppc64.manylinux2014_ppc64.whl", hash = "sha256:3676cb02b9061fee7294661071c4709fa21419ea9176087cb77e64410926eb78"},
    {file = "ruff-0.14.5-py3-none-manylinux_2_17_ppc64le.manylinux2014_ppc64le.whl", hash = "sha256:b595bedf6bc9cab647c4a173a61acf4f1ac5f2b545203ba82f30fcb10b0318fb"},
    {file = "ruff-0.14.5-py3-none-manylinux_2_17_s390x.manylinux2014_s390x.whl", hash = "sha256:f55382725ad0bdb2e8ee2babcbbfb16f124f5a59496a2f6a46f1d9d99d93e6e2"},
    {file = "ruff-0.14.5-py3-none-manylinux_2_17_x86_64.manylinux2014_x86_64.whl", hash = "sha256:7497d19dce23976bdaca24345ae131a1d38dcfe1b0850ad8e9e6e4fa321a6e19"},
    {file = "ruff-0.14.5-py3-none-manylinux_2_31_riscv64.whl", hash = "sha256:410e781f1122d6be4f446981dd479470af86537fb0b8857f27a6e872f65a38e4"},
    {file = "ruff-0.14.5-py3-none-musllinux_1_2_aarch64.whl", hash = "sha256:c01be527ef4c91a6d55e53b337bfe2c0f82af024cc1a33c44792d6844e2331e1"},
    {file = "ruff-0.14.5-py3-none-musllinux_1_2_armv7l.whl", hash = "sha256:f66e9bb762e68d66e48550b59c74314168ebb46199886c5c5aa0b0fbcc81b151"},
    {file = "ruff-0.14.5-py3-none-musllinux_1_2_i686.whl", hash = "sha256:d93be8f1fa01022337f1f8f3bcaa7ffee2d0b03f00922c45c2207954f351f465"},
    {file = "ruff-0.14.5-py3-none-musllinux_1_2_x86_64.whl", hash = "sha256:c135d4b681f7401fe0e7312017e41aba9b3160861105726b76cfa14bc25aa367"},
    {file = "ruff-0.14.5-py3-none-win32.whl", hash = "sha256:c83642e6fccfb6dea8b785eb9f456800dcd6a63f362238af5fc0c83d027dd08b"},
    {file = "ruff-0.14.5-py3-none-win_amd64.whl", hash = "sha256:9d55d7af7166f143c94eae1db3312f9ea8f95a4defef1979ed516dbb38c27621"},
    {file = "ruff-0.14.5-py3-none-win_arm64.whl", hash = "sha256:4b700459d4649e2594b31f20a9de33bc7c19976d4746d8d0798ad959621d64a4"},
    {file = "ruff-0.14.5.tar.gz", hash = "sha256:8d3b48d7d8aad423d3137af7ab6c8b1e38e4de104800f0d596990f6ada1a9fc1"},
]

[[package]]
name = "tomli"
version = "2.3.0"
description = "A lil' TOML parser"
optional = false
python-versions = ">=3.8"
groups = ["main"]
files = [
    {file = "tomli-2.3.0-cp311-cp311-macosx_10_9_x86_64.whl", hash = "sha256:88bd15eb972f3664f5ed4b57c1634a97153b4bac4479dcb6a495f41921eb7f45"},
    {file = "tomli-2.3.0-cp311-cp311-macosx_11_0_arm64.whl", hash = "sha256:883b1c0d6398a6a9d29b508c331fa56adbcdff647f6ace4dfca0f50e90dfd0ba"},
    {file = "tomli-2.3.0-cp311-cp311-manylinux2014_aarch64.manylinux_2_17_aarch64.manylinux_2_28_aarch64.whl", hash = "sha256:d1381caf13ab9f300e30dd8feadb3de072aeb86f1d34a8569453ff32a7dea4bf"},
    {file = "tomli-2.3.0-cp311-cp311-manylinux2014_x86_64.manylinux_2_17_x86_64.manylinux_2_28_x86_64.whl", hash = "sha256:a0e285d2649b78c0d9027570d4da3425bdb49830a6156121360b3f8511ea3441"},
    {file = "tomli-2.3.0-cp311-cp311-musllinux_1_2_aarch64.whl", hash = "sha256:0a154a9ae14bfcf5d8917a59b51ffd5a3ac1fd149b71b47a3a104ca4edcfa845"},
    {file = "tomli-2.3.0-cp311-cp311-musllinux_1_2_x86_64.whl", hash = "sha256:74bf8464ff93e413514fefd2be591c3b0b23231a77f901db1eb30d6f712fc42c"},
    {file = "tomli-2.3.0-cp311-cp311-win32.whl", hash = "sha256:00b5f5d95bbfc7d12f91ad8c593a1659b6387b43f054104cda404be6bda62456"},
    {file = "tomli-2.3.0-cp311-cp311-win_amd64.whl", hash = "sha256:4dc4ce8483a5d429ab602f111a93a6ab1ed425eae3122032db7e9acf449451be"},
    {file = "tomli-2.3.0-cp312-cp312-macosx_10_13_x86_64.whl", hash = "sha256:d7d86942e56ded512a594786a5ba0a5e521d02529b3826e7761a05138341a2ac"},
    {file = "tomli-2.3.0-cp312-cp312-macosx_11_0_arm64.whl", hash = "sha256:73ee0b47d4dad1c5e996e3cd33b8a76a50167ae5f96a2607cbe8cc773506ab22"},
    {file = "tomli-2.3.0-cp312-cp312-manylinux2014_aarch64.manylinux_2_17_aarch64.manylinux_2_28_aarch64.whl", hash = "sha256:792262b94d5d0a466afb5bc63c7daa9d75520110971ee269152083270998316f"},
    {file = "tomli-2.3.0-cp312-cp312-manylinux2014_x86_64.manylinux_2_17_x86_64.manylinux_2_28_x86_64.whl", hash = "sha256:4f195fe57ecceac95a66a75ac24d9d5fbc98ef0962e09b2eddec5d39375aae52"},
    {file = "tomli-2.3.0-cp312-cp312-musllinux_1_2_aarch64.whl", hash = "sha256:e31d432427dcbf4d86958c184b9bfd1e96b5b71f8eb17e6d02531f434fd335b8"},
    {file = "tomli-2.3.0-cp312-cp312-musllinux_1_2_x86_64.whl", hash = "sha256:7b0882799624980785240ab732537fcfc372601015c00f7fc367c55308c186f6"},
    {file = "tomli-2.3.0-cp312-cp312-win32.whl", hash = "sha256:ff72b71b5d10d22ecb084d345fc26f42b5143c5533db5e2eaba7d2d335358876"},
    {file = "tomli-2.3.0-cp312-cp312-win_amd64.whl", hash = "sha256:1cb4ed918939151a03f33d4242ccd0aa5f11b3547d0cf30f7c74a408a5b99878"},
    {file = "tomli-2.3.0-cp313-cp313-macosx_10_13_x86_64.whl", hash = "sha256:5192f562738228945d7b13d4930baffda67b69425a7f0da96d360b0a3888136b"},
    {file = "tomli-2.3.0-cp313-cp313-macosx_11_0_arm64.whl", hash = "sha256:be71c93a63d738597996be9528f4abe628d1adf5e6eb11607bc8fe1a510b5dae"},
    {file = "tomli-2.3.0-cp313-cp313-manylinux2014_aarch64.manylinux_2_17_aarch64.manylinux_2_28_aarch64.whl", hash = "sha256:c4665508bcbac83a31ff8ab08f424b665200c0e1e645d2bd9ab3d3e557b6185b"},
    {file = "tomli-2.3.0-cp313-cp313-manylinux2014_x86_64.manylinux_2_17_x86_64.manylinux_2_28_x86_64.whl", hash = "sha256:4021923f97266babc6ccab9f5068642a0095faa0a51a246a6a02fccbb3514eaf"},
    {file = "tomli-2.3.0-cp313-cp313-musllinux_1_2_aarch64.whl", hash = "sha256:a4ea38c40145a357d513bffad0ed869f13c1773716cf71ccaa83b0fa0cc4e42f"},
    {file = "tomli-2.3.0-cp313-cp313-musllinux_1_2_x86_64.whl", hash = "sha256:ad805ea85eda330dbad64c7ea7a4556259665bdf9d2672f5dccc740eb9d3ca05"},
    {file = "tomli-2.3.0-cp313-cp313-win32.whl", hash = "sha256:97d5eec30149fd3294270e889b4234023f2c69747e555a27bd708828353ab606"},
    {file = "tomli-2.3.0-cp313-cp313-win_amd64.whl", hash = "sha256:0c95ca56fbe89e065c6ead5b593ee64b84a26fca063b5d71a1122bf26e533999"},
    {file = "tomli-2.3.0-cp314-cp314-macosx_10_13_x86_64.whl", hash = "sha256:cebc6fe843e0733ee827a282aca4999b596241195f43b4cc371d64fc6639da9e"},
    {file = "tomli-2.3.0-cp314-cp314-macosx_11_0_arm64.whl", hash = "sha256:4c2ef0244c75aba9355561272009d934953817c49f47d768070c3c94355c2aa3"},
    {file = "tomli-2.3.0-cp314-cp314-manylinux2014_aarch64.manylinux_2_17_aarch64.manylinux_2_28_aarch64.whl", hash = "sha256:c22a8bf253bacc0cf11f35ad9808b6cb75ada2631c2d97c971122583b129afbc"},
    {file = "tomli-2.3.0-cp314-cp314-manylinux2014_x86_64.manylinux_2_17_x86_64.manylinux_2_28_x86_64.whl", hash = "sha256:0eea8cc5c5e9f89c9b90c4896a8deefc74f518db5927d0e0e8d4a80953d774d0"},
    {file = "tomli-2.3.0-cp314-cp314-musllinux_1_2_aarch64.whl", hash = "sha256:b74a0e59ec5d15127acdabd75ea17726ac4c5178ae51b85bfe39c4f8a278e879"},
    {file = "tomli-2.3.0-cp314-cp314-musllinux_1_2_x86_64.whl", hash = "sha256:b5870b50c9db823c595983571d1296a6ff3e1b88f734a4c8f6fc6188397de005"},
    {file = "tomli-2.3.0-cp314-cp314-win32.whl", hash = "sha256:feb0dacc61170ed7ab602d3d972a58f14ee3ee60494292d384649a3dc38ef463"},
    {file = "tomli-2.3.0-cp314-cp314-win_amd64.whl", hash = "sha256:b273fcbd7fc64dc3600c098e39136522650c49bca95df2d11cf3b626422392c8"},
    {file = "tomli-2.3.0-cp314-cp314t-macosx_10_13_x86_64.whl", hash = "sha256:940d56ee0410fa17ee1f12b817b37a4d4e4dc4d27340863cc67236c74f582e77"},
    {file = "tomli-2.3.0-cp314-cp314t-macosx_11_0_arm64.whl", hash = "sha256:f85209946d1fe94416debbb88d00eb92ce9cd5266775424ff81bc959e001acaf"},
    {file = "tomli-2.3.0-cp314-cp314t-manylinux2014_aarch64.manylinux_2_17_aarch64.manylinux_2_28_aarch64.whl", hash = "sha256:a56212bdcce682e56b0aaf79e869ba5d15a6163f88d5451cbde388d48b13f530"},
    {file = "tomli-2.3.0-cp314-cp314t-manylinux2014_x86_64.manylinux_2_17_x86_64.manylinux_2_28_x86_64.whl", hash = "sha256:c5f3ffd1e098dfc032d4d3af5c0ac64f6d286d98bc148698356847b80fa4de1b"},
    {file = "tomli-2.3.0-cp314-cp314t-musllinux_1_2_aarch64.whl", hash = "sha256:5e01decd096b1530d97d5d85cb4dff4af2d8347bd35686654a004f8dea20fc67"},
    {file = "tomli-2.3.0-cp314-cp314t-musllinux_1_2_x86_64.whl", hash = "sha256:8a35dd0e643bb2610f156cca8db95d213a90015c11fee76c946aa62b7ae7e02f"},
    {file = "tomli-2.3.0-cp314-cp314t-win32.whl", hash = "sha256:a1f7f282fe248311650081faafa5f4732bdbfef5d45fe3f2e702fbc6f2d496e0"},
    {file = "tomli-2.3.0-cp314-cp314t-win_amd64.whl", hash = "sha256:70a251f8d4ba2d9ac2542eecf008b3c8a9fc5c3f9f02c56a9d7952612be2fdba"},
    {file = "tomli-2.3.0-py3-none-any.whl", hash = "sha256:e95b1af3c5b07d9e643909b5abbec77cd9f1217e6d0bca72b0234736b9fb1f1b"},
    {file = "tomli-2.3.0.tar.gz", hash = "sha256:64be704a875d2a59753d80ee8a533c3fe183e3f06807ff7dc2232938ccb01549"},
]

[[package]]
name = "typing-extensions"
version = "4.15.0"
description = "Backported and Experimental Type Hints for Python 3.9+"
optional = false
python-versions = ">=3.9"
groups = ["main"]
files = [
    {file = "typing_extensions-4.15.0-py3-none-any.whl", hash = "sha256:f0fa19c6845758ab08074a0cfa8b7aecb71c999ca73d62883bc25cc018c4e548"},
    {file = "typing_extensions-4.15.0.tar.gz", hash = "sha256:0cea48d173cc12fa28ecabc3b837ea3cf6f38c6d1136f85cbaaf598984861466"},
]

[[package]]
name = "vulture"
version = "2.14"
description = "Find dead code"
optional = false
python-versions = ">=3.8"
groups = ["main"]
files = [
    {file = "vulture-2.14-py2.py3-none-any.whl", hash = "sha256:d9a90dba89607489548a49d557f8bac8112bd25d3cbc8aeef23e860811bd5ed9"},
    {file = "vulture-2.14.tar.gz", hash = "sha256:cb8277902a1138deeab796ec5bef7076a6e0248ca3607a3f3dee0b6d9e9b8415"},
]

[metadata]
lock-version = "2.1"
python-versions = ">=3.12,<3.14"
content-hash = "72d63d5e8b2707d714790c987bcd727532671b628690a1853452c1af757b9287"
