# This file is automatically @generated by Poetry 2.2.1 and should not be changed by hand.

[[package]]
name = "black"
version = "25.9.0"
description = "The uncompromising code formatter."
optional = false
python-versions = ">=3.9"
groups = ["main"]
files = [
    {file = "black-25.9.0-cp310-cp310-macosx_10_9_x86_64.whl", hash = "sha256:ce41ed2614b706fd55fd0b4a6909d06b5bab344ffbfadc6ef34ae50adba3d4f7"},
    {file = "black-25.9.0-cp310-cp310-macosx_11_0_arm64.whl", hash = "sha256:2ab0ce111ef026790e9b13bd216fa7bc48edd934ffc4cbf78808b235793cbc92"},
    {file = "black-25.9.0-cp310-cp310-manylinux_2_17_x86_64.manylinux2014_x86_64.manylinux_2_28_x86_64.whl", hash = "sha256:f96b6726d690c96c60ba682955199f8c39abc1ae0c3a494a9c62c0184049a713"},
    {file = "black-25.9.0-cp310-cp310-win_amd64.whl", hash = "sha256:d119957b37cc641596063cd7db2656c5be3752ac17877017b2ffcdb9dfc4d2b1"},
    {file = "black-25.9.0-cp311-cp311-macosx_10_9_x86_64.whl", hash = "sha256:456386fe87bad41b806d53c062e2974615825c7a52159cde7ccaeb0695fa28fa"},
    {file = "black-25.9.0-cp311-cp311-macosx_11_0_arm64.whl", hash = "sha256:a16b14a44c1af60a210d8da28e108e13e75a284bf21a9afa6b4571f96ab8bb9d"},
    {file = "black-25.9.0-cp311-cp311-manylinux_2_17_x86_64.manylinux2014_x86_64.manylinux_2_28_x86_64.whl", hash = "sha256:aaf319612536d502fdd0e88ce52d8f1352b2c0a955cc2798f79eeca9d3af0608"},
    {file = "black-25.9.0-cp311-cp311-win_amd64.whl", hash = "sha256:c0372a93e16b3954208417bfe448e09b0de5cc721d521866cd9e0acac3c04a1f"},
    {file = "black-25.9.0-cp312-cp312-macosx_10_13_x86_64.whl", hash = "sha256:1b9dc70c21ef8b43248f1d86aedd2aaf75ae110b958a7909ad8463c4aa0880b0"},
    {file = "black-25.9.0-cp312-cp312-macosx_11_0_arm64.whl", hash = "sha256:8e46eecf65a095fa62e53245ae2795c90bdecabd53b50c448d0a8bcd0d2e74c4"},
    {file = "black-25.9.0-cp312-cp312-manylinux_2_17_x86_64.manylinux2014_x86_64.manylinux_2_28_x86_64.whl", hash = "sha256:9101ee58ddc2442199a25cb648d46ba22cd580b00ca4b44234a324e3ec7a0f7e"},
    {file = "black-25.9.0-cp312-cp312-win_amd64.whl", hash = "sha256:77e7060a00c5ec4b3367c55f39cf9b06e68965a4f2e61cecacd6d0d9b7ec945a"},
    {file = "black-25.9.0-cp313-cp313-macosx_10_13_x86_64.whl", hash = "sha256:0172a012f725b792c358d57fe7b6b6e8e67375dd157f64fa7a3097b3ed3e2175"},
    {file = "black-25.9.0-cp313-cp313-macosx_11_0_arm64.whl", hash = "sha256:3bec74ee60f8dfef564b573a96b8930f7b6a538e846123d5ad77ba14a8d7a64f"},
    {file = "black-25.9.0-cp313-cp313-manylinux_2_17_x86_64.manylinux2014_x86_64.manylinux_2_28_x86_64.whl", hash = "sha256:b756fc75871cb1bcac5499552d771822fd9db5a2bb8db2a7247936ca48f39831"},
    {file = "black-25.9.0-cp313-cp313-win_amd64.whl", hash = "sha256:846d58e3ce7879ec1ffe816bb9df6d006cd9590515ed5d17db14e17666b2b357"},
    {file = "black-25.9.0-cp39-cp39-macosx_10_9_x86_64.whl", hash = "sha256:ef69351df3c84485a8beb6f7b8f9721e2009e20ef80a8d619e2d1788b7816d47"},
    {file = "black-25.9.0-cp39-cp39-macosx_11_0_arm64.whl", hash = "sha256:e3c1f4cd5e93842774d9ee4ef6cd8d17790e65f44f7cdbaab5f2cf8ccf22a823"},
    {file = "black-25.9.0-cp39-cp39-manylinux_2_17_x86_64.manylinux2014_x86_64.manylinux_2_28_x86_64.whl", hash = "sha256:154b06d618233fe468236ba1f0e40823d4eb08b26f5e9261526fde34916b9140"},
    {file = "black-25.9.0-cp39-cp39-win_amd64.whl", hash = "sha256:e593466de7b998374ea2585a471ba90553283fb9beefcfa430d84a2651ed5933"},
    {file = "black-25.9.0-py3-none-any.whl", hash = "sha256:474b34c1342cdc157d307b56c4c65bce916480c4a8f6551fdc6bf9b486a7c4ae"},
    {file = "black-25.9.0.tar.gz", hash = "sha256:0474bca9a0dd1b51791fcc507a4e02078a1c63f6d4e4ae5544b9848c7adfb619"},
]

[package.dependencies]
click = ">=8.0.0"
mypy-extensions = ">=0.4.3"
packaging = ">=22.0"
pathspec = ">=0.9.0"
platformdirs = ">=2"
pytokens = ">=0.1.10"
tomli = {version = ">=1.1.0", markers = "python_version < \"3.11\""}
typing-extensions = {version = ">=4.0.1", markers = "python_version < \"3.11\""}

[package.extras]
colorama = ["colorama (>=0.4.3)"]
d = ["aiohttp (>=3.10)"]
jupyter = ["ipython (>=7.8.0)", "tokenize-rt (>=3.2.0)"]
uvloop = ["uvloop (>=0.15.2)"]

[[package]]
name = "capnp-stubs"
version = "0.1.0"
description = "Type stubs for pycapnp"
optional = false
python-versions = ">=3.10,<4.0"
groups = ["main"]
files = []
develop = true

[package.source]
type = "directory"
url = "capnp-stubs"

[[package]]
name = "click"
version = "8.3.0"
description = "Composable command line interface toolkit"
optional = false
python-versions = ">=3.10"
groups = ["main"]
files = [
    {file = "click-8.3.0-py3-none-any.whl", hash = "sha256:9b9f285302c6e3064f4330c05f05b81945b2a39544279343e6e7c5f27a9baddc"},
    {file = "click-8.3.0.tar.gz", hash = "sha256:e7b8232224eba16f4ebe410c25ced9f7875cb5f3263ffc93cc3e8da705e229c4"},
]

[package.dependencies]
colorama = {version = "*", markers = "platform_system == \"Windows\""}

[[package]]
name = "colorama"
version = "0.4.6"
description = "Cross-platform colored terminal text."
optional = false
python-versions = "!=3.0.*,!=3.1.*,!=3.2.*,!=3.3.*,!=3.4.*,!=3.5.*,!=3.6.*,>=2.7"
groups = ["main"]
markers = "platform_system == \"Windows\" or sys_platform == \"win32\""
files = [
    {file = "colorama-0.4.6-py2.py3-none-any.whl", hash = "sha256:4f1d9991f5acc0ca119f9d443620b77f9d6b33703e51011c16baf57afb285fc6"},
    {file = "colorama-0.4.6.tar.gz", hash = "sha256:08695f5cb7ed6e0531a20572697297273c47b8cae5a63ffc6d6ed5c201be6e44"},
]

[[package]]
name = "exceptiongroup"
version = "1.3.0"
description = "Backport of PEP 654 (exception groups)"
optional = false
python-versions = ">=3.7"
groups = ["main"]
markers = "python_version == \"3.10\""
files = [
    {file = "exceptiongroup-1.3.0-py3-none-any.whl", hash = "sha256:4d111e6e0c13d0644cad6ddaa7ed0261a0b36971f6d23e7ec9b4b9097da78a10"},
    {file = "exceptiongroup-1.3.0.tar.gz", hash = "sha256:b241f5885f560bc56a59ee63ca4c6a8bfa46ae4ad651af316d4e81817bb9fd88"},
]

[package.dependencies]
typing-extensions = {version = ">=4.6.0", markers = "python_version < \"3.13\""}

[package.extras]
test = ["pytest (>=6)"]

[[package]]
name = "iniconfig"
version = "2.3.0"
description = "brain-dead simple config-ini parsing"
optional = false
python-versions = ">=3.10"
groups = ["main"]
files = [
    {file = "iniconfig-2.3.0-py3-none-any.whl", hash = "sha256:f631c04d2c48c52b84d0d0549c99ff3859c98df65b3101406327ecc7d53fbf12"},
    {file = "iniconfig-2.3.0.tar.gz", hash = "sha256:c76315c77db068650d49c5b56314774a7804df16fee4402c1f19d6d15d8c4730"},
]

[[package]]
name = "isort"
version = "7.0.0"
description = "A Python utility / library to sort Python imports."
optional = false
python-versions = ">=3.10.0"
groups = ["main"]
files = [
    {file = "isort-7.0.0-py3-none-any.whl", hash = "sha256:1bcabac8bc3c36c7fb7b98a76c8abb18e0f841a3ba81decac7691008592499c1"},
    {file = "isort-7.0.0.tar.gz", hash = "sha256:5513527951aadb3ac4292a41a16cbc50dd1642432f5e8c20057d414bdafb4187"},
]

[package.extras]
colors = ["colorama"]
plugins = ["setuptools"]

[[package]]
name = "mypy-extensions"
version = "1.1.0"
description = "Type system extensions for programs checked with the mypy type checker."
optional = false
python-versions = ">=3.8"
groups = ["main"]
files = [
    {file = "mypy_extensions-1.1.0-py3-none-any.whl", hash = "sha256:1be4cccdb0f2482337c4743e60421de3a356cd97508abadd57d47403e94f5505"},
    {file = "mypy_extensions-1.1.0.tar.gz", hash = "sha256:52e68efc3284861e772bbcd66823fde5ae21fd2fdb51c62a211403730b916558"},
]

[[package]]
name = "nodeenv"
version = "1.9.1"
description = "Node.js virtual environment builder"
optional = false
python-versions = "!=3.0.*,!=3.1.*,!=3.2.*,!=3.3.*,!=3.4.*,!=3.5.*,!=3.6.*,>=2.7"
groups = ["dev"]
files = [
    {file = "nodeenv-1.9.1-py2.py3-none-any.whl", hash = "sha256:ba11c9782d29c27c70ffbdda2d7415098754709be8a7056d79a737cd901155c9"},
    {file = "nodeenv-1.9.1.tar.gz", hash = "sha256:6ec12890a2dab7946721edbfbcd91f3319c6ccc9aec47be7c7e6b7011ee6645f"},
]

[[package]]
name = "packaging"
version = "25.0"
description = "Core utilities for Python packages"
optional = false
python-versions = ">=3.8"
groups = ["main"]
files = [
    {file = "packaging-25.0-py3-none-any.whl", hash = "sha256:29572ef2b1f17581046b3a2227d5c611fb25ec70ca1ba8554b24b0e69331a484"},
    {file = "packaging-25.0.tar.gz", hash = "sha256:d443872c98d677bf60f6a1f2f8c1cb748e8fe762d2bf9d3148b5599295b0fc4f"},
]

[[package]]
name = "pathspec"
version = "0.12.1"
description = "Utility library for gitignore style pattern matching of file paths."
optional = false
python-versions = ">=3.8"
groups = ["main"]
files = [
    {file = "pathspec-0.12.1-py3-none-any.whl", hash = "sha256:a0d503e138a4c123b27490a4f7beda6a01c6f288df0e4a8b79c7eb0dc7b4cc08"},
    {file = "pathspec-0.12.1.tar.gz", hash = "sha256:a482d51503a1ab33b1c67a6c3813a26953dbdc71c31dacaef9a838c4e29f5712"},
]

[[package]]
name = "platformdirs"
version = "4.5.0"
description = "A small Python package for determining appropriate platform-specific dirs, e.g. a `user data dir`."
optional = false
python-versions = ">=3.10"
groups = ["main"]
files = [
    {file = "platformdirs-4.5.0-py3-none-any.whl", hash = "sha256:e578a81bb873cbb89a41fcc904c7ef523cc18284b7e3b3ccf06aca1403b7ebd3"},
    {file = "platformdirs-4.5.0.tar.gz", hash = "sha256:70ddccdd7c99fc5942e9fc25636a8b34d04c24b335100223152c2803e4063312"},
]

[package.extras]
docs = ["furo (>=2025.9.25)", "proselint (>=0.14)", "sphinx (>=8.2.3)", "sphinx-autodoc-typehints (>=3.2)"]
test = ["appdirs (==1.4.4)", "covdefaults (>=2.3)", "pytest (>=8.4.2)", "pytest-cov (>=7)", "pytest-mock (>=3.15.1)"]
type = ["mypy (>=1.18.2)"]

[[package]]
name = "pluggy"
version = "1.6.0"
description = "plugin and hook calling mechanisms for python"
optional = false
python-versions = ">=3.9"
groups = ["main"]
files = [
    {file = "pluggy-1.6.0-py3-none-any.whl", hash = "sha256:e920276dd6813095e9377c0bc5566d94c932c33b27a3e3945d8389c374dd4746"},
    {file = "pluggy-1.6.0.tar.gz", hash = "sha256:7dcc130b76258d33b90f61b658791dede3486c3e6bfb003ee5c9bfb396dd22f3"},
]

[package.extras]
dev = ["pre-commit", "tox"]
testing = ["coverage", "pytest", "pytest-benchmark"]

[[package]]
name = "pycapnp"
version = "2.2.1"
description = "A cython wrapping of the C++ Cap'n Proto library"
optional = false
python-versions = ">=3.8"
groups = ["main"]
files = [
    {file = "pycapnp-2.2.1-cp310-cp310-macosx_10_9_x86_64.whl", hash = "sha256:602b7d73a307443543e1eb6128c374e946a59f1d9df995ae721816b7f58cc275"},
    {file = "pycapnp-2.2.1-cp310-cp310-macosx_11_0_arm64.whl", hash = "sha256:7775d5688eb7a657a681c9e60ef7f42706cbb5521c93a6c1f583931264ca451e"},
    {file = "pycapnp-2.2.1-cp310-cp310-manylinux_2_28_aarch64.whl", hash = "sha256:8605bc739c2858ee64c353a8247add43701a32e3e29cb7cad83a1be07058e950"},
    {file = "pycapnp-2.2.1-cp310-cp310-manylinux_2_28_i686.whl", hash = "sha256:e3cf9a7abc3a088a69746428583b999b4eb0c8b09bf59e60644eca9585b37b05"},
    {file = "pycapnp-2.2.1-cp310-cp310-manylinux_2_28_ppc64le.whl", hash = "sha256:1555e95ab348420473806c6091dec6f4e022da2a5b033c6e221f077059037120"},
    {file = "pycapnp-2.2.1-cp310-cp310-manylinux_2_28_s390x.whl", hash = "sha256:62e3321671a6eb811b9d684bb2a921c937fa5d2178656702af16ba676d1d040e"},
    {file = "pycapnp-2.2.1-cp310-cp310-manylinux_2_28_x86_64.whl", hash = "sha256:69ace4bd45a0710539928e4f5052efc292259441bb0074ccf16363097192573b"},
    {file = "pycapnp-2.2.1-cp310-cp310-musllinux_1_2_aarch64.whl", hash = "sha256:c3835dfb9631c04d2efd2aa53ba452c4302050eea779800cf581ed7d4844d38a"},
    {file = "pycapnp-2.2.1-cp310-cp310-musllinux_1_2_i686.whl", hash = "sha256:91de90ee18262414703b55abf3145b9c84570c63c90866def88af34a130cd3b2"},
    {file = "pycapnp-2.2.1-cp310-cp310-musllinux_1_2_ppc64le.whl", hash = "sha256:d09497bb1e727dbda79b703a3191d61bbf874ec75916efd2cd5945a0a7d06581"},
    {file = "pycapnp-2.2.1-cp310-cp310-musllinux_1_2_s390x.whl", hash = "sha256:0c187cfe4978f37c50f5b22bd61aca96c57719ba4cb138e80c43864b7e91b104"},
    {file = "pycapnp-2.2.1-cp310-cp310-musllinux_1_2_x86_64.whl", hash = "sha256:413e048096751eff8569533a31ef6ba8b008f5d27064ce240c4e0a5ea8380b5b"},
    {file = "pycapnp-2.2.1-cp310-cp310-win32.whl", hash = "sha256:f9ffe17fcd9caf94b0eeefdbbd325e244df970261de3c18ab4b3d83e43c9ee9a"},
    {file = "pycapnp-2.2.1-cp310-cp310-win_amd64.whl", hash = "sha256:e9b4d45d7b2968f27a5cda5eda30a0091feff38714de6dfe22911012bcba0827"},
    {file = "pycapnp-2.2.1-cp311-cp311-macosx_10_9_x86_64.whl", hash = "sha256:418ad80c3f4bdc6ec0ce3b38e278e64c4f843a1910a0772ff45bd83e35a7cf18"},
    {file = "pycapnp-2.2.1-cp311-cp311-macosx_11_0_arm64.whl", hash = "sha256:3242d2e0e2b89a10cf253d9a9d138c411ce2f60b3799ef8d9344c5b314cbfa33"},
    {file = "pycapnp-2.2.1-cp311-cp311-manylinux_2_28_aarch64.whl", hash = "sha256:e3b6e9b538b4a440c027af65e846ad5c7989cd831fcf983eb16d17fae79fdca3"},
    {file = "pycapnp-2.2.1-cp311-cp311-manylinux_2_28_i686.whl", hash = "sha256:6d1e03d1ee94e5b268896d5643efb58925d80fb6a368e4739a39f100838be6b5"},
    {file = "pycapnp-2.2.1-cp311-cp311-manylinux_2_28_ppc64le.whl", hash = "sha256:4813d25d23ec7a967352dbfce76d893ae5c4d5a9993f51ca8c01f48847f4b1d9"},
    {file = "pycapnp-2.2.1-cp311-cp311-manylinux_2_28_s390x.whl", hash = "sha256:41b31b9dafcb192a8aed6387288732d642bfaf53ef11ce9edc815e72c6402846"},
    {file = "pycapnp-2.2.1-cp311-cp311-manylinux_2_28_x86_64.whl", hash = "sha256:d682ae9f23a0c6568533ca2ebf6d70ac7e599dd222f671fa87dff278de343eec"},
    {file = "pycapnp-2.2.1-cp311-cp311-musllinux_1_2_aarch64.whl", hash = "sha256:5331b916bafdb84337a2c1a5d90170863486d6254b8852444b94bd0315e6e6b4"},
    {file = "pycapnp-2.2.1-cp311-cp311-musllinux_1_2_i686.whl", hash = "sha256:eec84369e4c1d163414db7f696c06887848f593a4df5ed7de3641b0179eb3922"},
    {file = "pycapnp-2.2.1-cp311-cp311-musllinux_1_2_ppc64le.whl", hash = "sha256:b83a96251002fc236d7bda12b6eb6136a13dbca4206774834ac424c66bbdc9f2"},
    {file = "pycapnp-2.2.1-cp311-cp311-musllinux_1_2_s390x.whl", hash = "sha256:919926821d7700c3e0c72a51169edbdd9a0991769733ff23cd732e6698bf99e2"},
    {file = "pycapnp-2.2.1-cp311-cp311-musllinux_1_2_x86_64.whl", hash = "sha256:9b23e828a3d1e4e00b104af9ffe7da88a8ab33d343e454288bd0d8d7c5199b25"},
    {file = "pycapnp-2.2.1-cp311-cp311-win32.whl", hash = "sha256:66196fe4c34d8493db504349d53f01b93f5a8771739a8f0bbf20ba363048e5b6"},
    {file = "pycapnp-2.2.1-cp311-cp311-win_amd64.whl", hash = "sha256:9d4fbcdfb7e1b34cdfc20d9a7eb79a3b6e9e701a69a06c99545a9b29aa7588cb"},
    {file = "pycapnp-2.2.1-cp312-cp312-macosx_10_13_x86_64.whl", hash = "sha256:e22c74af06586abd8d8453a91bc7610e469771907246346822faa742fa72c0ca"},
    {file = "pycapnp-2.2.1-cp312-cp312-macosx_11_0_arm64.whl", hash = "sha256:c7dc00457ef03e4b1587d63f63e87a5fffc9c3268fb2cbe7ad9d460813ac6c14"},
    {file = "pycapnp-2.2.1-cp312-cp312-manylinux_2_28_aarch64.whl", hash = "sha256:c41e93efec53f5adc18f72dd4f2f4790c4f28d907155c5a8975fdc073a752edb"},
    {file = "pycapnp-2.2.1-cp312-cp312-manylinux_2_28_i686.whl", hash = "sha256:e6d09f51caaf4b9184b1a8c1bcb756b8774e3891febd9e8bafb9736eb7cc6abf"},
    {file = "pycapnp-2.2.1-cp312-cp312-manylinux_2_28_ppc64le.whl", hash = "sha256:40548abb12ce7441945d6d5c2da3c72e789eaf5e8eddc374d0450191a8f55c98"},
    {file = "pycapnp-2.2.1-cp312-cp312-manylinux_2_28_s390x.whl", hash = "sha256:95046f1069237fcc07c72b1a4604916e338ea54c8fe411bdd7cc09f1ded9aed4"},
    {file = "pycapnp-2.2.1-cp312-cp312-manylinux_2_28_x86_64.whl", hash = "sha256:66714dbca707a4cdd5e60f97cd0f3d2c88ad3c56b05a42b6887397ccdc0ee5b1"},
    {file = "pycapnp-2.2.1-cp312-cp312-musllinux_1_2_aarch64.whl", hash = "sha256:cea2543ad9edc15d22f4449074d7d729a10521c164a5a3c33cfbd37bc083606a"},
    {file = "pycapnp-2.2.1-cp312-cp312-musllinux_1_2_i686.whl", hash = "sha256:16dae94463d129969f48711be5f234719c98992a27652e20da0376266f790603"},
    {file = "pycapnp-2.2.1-cp312-cp312-musllinux_1_2_ppc64le.whl", hash = "sha256:ec778ae022e5330f38cbd2b28f8f77c3687ea65432c3d0d1c51272976d49c904"},
    {file = "pycapnp-2.2.1-cp312-cp312-musllinux_1_2_s390x.whl", hash = "sha256:eb4d87aad63ce63fd84a205af691098459cc1b40ffabe9c4cba5ab49c6b3ad47"},
    {file = "pycapnp-2.2.1-cp312-cp312-musllinux_1_2_x86_64.whl", hash = "sha256:9340463c40d83c9fcc45d8706692b04f604dcd729a6b8d802700dd2a0a425281"},
    {file = "pycapnp-2.2.1-cp312-cp312-win32.whl", hash = "sha256:52b2f233833ababf38b43195ddbbe3d8d58a11216c5ba3effc3ebd7c4727c582"},
    {file = "pycapnp-2.2.1-cp312-cp312-win_amd64.whl", hash = "sha256:25958963c28c77144f9f060faeb87f0f796060176cad938309ec8dccd39faec8"},
    {file = "pycapnp-2.2.1-cp313-cp313-macosx_10_13_x86_64.whl", hash = "sha256:fe58a968698ece0c9949358567dc39e57ff66c5229da10bcc6adacb9715a0f1d"},
    {file = "pycapnp-2.2.1-cp313-cp313-macosx_11_0_arm64.whl", hash = "sha256:1e4486deeda8b30235678308f1da35d15468e64f1d949814002fb11a19c9a9be"},
    {file = "pycapnp-2.2.1-cp313-cp313-manylinux_2_28_aarch64.whl", hash = "sha256:ed484e361b3c0a0f56cd955b4af5c84b8e184e14e356f4177cf7cfa9dddf49cb"},
    {file = "pycapnp-2.2.1-cp313-cp313-manylinux_2_28_i686.whl", hash = "sha256:5935f17c16e6117ba56fe7fa7388be0204765b82e74d0f630a34d8f2f832f0d0"},
    {file = "pycapnp-2.2.1-cp313-cp313-manylinux_2_28_ppc64le.whl", hash = "sha256:402368bfe9fb3924c9a4ff3c1778ba68defb6b67bbe579537a7129924c12b188"},
    {file = "pycapnp-2.2.1-cp313-cp313-manylinux_2_28_s390x.whl", hash = "sha256:4b2b7e1d42fefe61f538d93680b60f9883a7dfb8fad2e10d69c08bc9f20bd0d4"},
    {file = "pycapnp-2.2.1-cp313-cp313-manylinux_2_28_x86_64.whl", hash = "sha256:04b608e3303edc6d5ea1d8a4589bd957c5cb002019f2a21df98fd8b2f4158d66"},
    {file = "pycapnp-2.2.1-cp313-cp313-musllinux_1_2_aarch64.whl", hash = "sha256:084eb029ae265982c62018dc6a227557c4ef812cee87ae813fce46b8612a6a2f"},
    {file = "pycapnp-2.2.1-cp313-cp313-musllinux_1_2_i686.whl", hash = "sha256:06aca5c484cf5575b2ba531216945b6c9495099812feb6ef49d09ae0dff32719"},
    {file = "pycapnp-2.2.1-cp313-cp313-musllinux_1_2_ppc64le.whl", hash = "sha256:560c275e1b45e7bfe264a6a32aa37ce96c996b5b7864ceba98718d4200158b63"},
    {file = "pycapnp-2.2.1-cp313-cp313-musllinux_1_2_s390x.whl", hash = "sha256:50b68f57211245bd8f6f908720a096227450342f91e5a6f99bb3dfd9a2bf2207"},
    {file = "pycapnp-2.2.1-cp313-cp313-musllinux_1_2_x86_64.whl", hash = "sha256:02423e40d854336e73dd438b7454ec148139324ff25b04f0c9ca4a229938103c"},
    {file = "pycapnp-2.2.1-cp313-cp313-win32.whl", hash = "sha256:37441f85a2bb7246d406e4cf319fc7bf059403a7527c24c1e1315ab82b785ab5"},
    {file = "pycapnp-2.2.1-cp313-cp313-win_amd64.whl", hash = "sha256:6f859fefdfddb543cb76995d298ea6e2c6439df80fd2a0e5e0a6734ec65c8c7c"},
    {file = "pycapnp-2.2.1-cp38-cp38-macosx_10_9_x86_64.whl", hash = "sha256:70ff280d41a8e5b557f10a55aa94a97493843f6deb02afca859137408cb2e2dc"},
    {file = "pycapnp-2.2.1-cp38-cp38-macosx_11_0_arm64.whl", hash = "sha256:a4fd41badfbc7c615a7986c01ddef4d87885e52fb7d38b7dbc37cc7dc1a5ebf5"},
    {file = "pycapnp-2.2.1-cp38-cp38-manylinux_2_28_aarch64.whl", hash = "sha256:ad8ffe2e7d364f15695e652f1ab1f04553a8f0239fa35933c949e0fbc0f9717e"},
    {file = "pycapnp-2.2.1-cp38-cp38-manylinux_2_28_i686.whl", hash = "sha256:ef5795a88425d1740850e59b01913838f81db5963aa7ea081b47f5b29eedecbd"},
    {file = "pycapnp-2.2.1-cp38-cp38-manylinux_2_28_ppc64le.whl", hash = "sha256:4e329701f7f903284f10b81a7ff1dfea1437be2421375db6e8fa7240718cba03"},
    {file = "pycapnp-2.2.1-cp38-cp38-manylinux_2_28_s390x.whl", hash = "sha256:5fe31f851c3000952b0e92412d0cc362f90ababa6cf759385300b3a992f96ac4"},
    {file = "pycapnp-2.2.1-cp38-cp38-manylinux_2_28_x86_64.whl", hash = "sha256:0783924a4a31f0ee029b585bca2b2367a8b8542ea8ffeac2995937462d41e115"},
    {file = "pycapnp-2.2.1-cp38-cp38-musllinux_1_2_aarch64.whl", hash = "sha256:deb5ac98bba5bc7c9fd231c78fdcf471998c27b0bde5252c99c73780e742abeb"},
    {file = "pycapnp-2.2.1-cp38-cp38-musllinux_1_2_i686.whl", hash = "sha256:2acd993f5e233a25c20e599e03d34244106442495ef81f1616a908db3d9c98eb"},
    {file = "pycapnp-2.2.1-cp38-cp38-musllinux_1_2_ppc64le.whl", hash = "sha256:7fd30a3f38189f32fc9cd3688b4805118f7055b9e5cec1c20771c47ff0fd46d9"},
    {file = "pycapnp-2.2.1-cp38-cp38-musllinux_1_2_s390x.whl", hash = "sha256:db260d2420d3b935b785d82d14b4b522266a28aaf8cf84266971b1aebd324f96"},
    {file = "pycapnp-2.2.1-cp38-cp38-musllinux_1_2_x86_64.whl", hash = "sha256:29b2ff0fe7a10fa16ccfa0c4a51efc1aa30e86b9769d286f87ddcc75ea85e796"},
    {file = "pycapnp-2.2.1-cp38-cp38-win32.whl", hash = "sha256:03386f32e829ba12a3643fed21d246ed49a9c49a00184b921e3c7bdf6db2b1c4"},
    {file = "pycapnp-2.2.1-cp38-cp38-win_amd64.whl", hash = "sha256:171a179ffefaf9b453fba5afac80f33187ff58dea3be6ebc8fd0d1e2e66d562b"},
    {file = "pycapnp-2.2.1-cp39-cp39-macosx_10_9_x86_64.whl", hash = "sha256:a9aa9c8dfaca8de36f42a9b57fec0d2174a6e6381ceed520311c5167e697a3b2"},
    {file = "pycapnp-2.2.1-cp39-cp39-macosx_11_0_arm64.whl", hash = "sha256:ed57bfd132247d50dcad107319dde0cfaacc5dd3bd1d5872b4dbf565fe9e46ff"},
    {file = "pycapnp-2.2.1-cp39-cp39-manylinux_2_28_aarch64.whl", hash = "sha256:f9fdc2d13b03630904bd29d4ad219ea40401d569ef8f0bd983438aa1fe2e6936"},
    {file = "pycapnp-2.2.1-cp39-cp39-manylinux_2_28_i686.whl", hash = "sha256:c5ca63dd3152894a5e6c1724e443e5f597eec06be70a2f80c263ca32056fe931"},
    {file = "pycapnp-2.2.1-cp39-cp39-manylinux_2_28_ppc64le.whl", hash = "sha256:6ae690e87b8ad97d2bc149c4683bebb0ce726bdd2322f9b6f9d71a3d3e065151"},
    {file = "pycapnp-2.2.1-cp39-cp39-manylinux_2_28_s390x.whl", hash = "sha256:ac47de6701ebf8ce229d8f41137ecb208210a2a6b230ef7fe98c404da29e4ea5"},
    {file = "pycapnp-2.2.1-cp39-cp39-manylinux_2_28_x86_64.whl", hash = "sha256:ad0b06d0d77fd564edb938987b9585c4e53050f879d08cbcd472e4556bb45c14"},
    {file = "pycapnp-2.2.1-cp39-cp39-musllinux_1_2_aarch64.whl", hash = "sha256:2a64ab3a1a673d053b3c8ac6e0d09c8c5ff2fa67e67464dcd9b2dd9d781b77a9"},
    {file = "pycapnp-2.2.1-cp39-cp39-musllinux_1_2_i686.whl", hash = "sha256:22cf1a882e72a2625bda4ab2c84c2f134867fc5895a62ad086fae6574678479e"},
    {file = "pycapnp-2.2.1-cp39-cp39-musllinux_1_2_ppc64le.whl", hash = "sha256:7e6fbb0050d64fb0305cf962194d0ba17e087d34d0ea00a39a5394a82cfdf029"},
    {file = "pycapnp-2.2.1-cp39-cp39-musllinux_1_2_s390x.whl", hash = "sha256:0f81e59ecde10fffb8b5b671b5cc85ca14595c9e2880a590b9463ac0ec76baae"},
    {file = "pycapnp-2.2.1-cp39-cp39-musllinux_1_2_x86_64.whl", hash = "sha256:babe77da5b69beb0af0e5e7525f8bf48d6df4c801772aff86e8c62f43d12e195"},
    {file = "pycapnp-2.2.1-cp39-cp39-win32.whl", hash = "sha256:b2c862acc98fa9e69fb4480f01d34098420dbf1b991fcaba688aa5bdaaa12d5e"},
    {file = "pycapnp-2.2.1-cp39-cp39-win_amd64.whl", hash = "sha256:5ce1484837846cd1dd5bda5090e658bf056c0729524395e4c29b2f84514cabf2"},
    {file = "pycapnp-2.2.1.tar.gz", hash = "sha256:a76432667bfb1e56b69fcc5bca4be7c72e1ac0f6ab57583857dc5d5293045451"},
]

[[package]]
name = "pygments"
version = "2.19.2"
description = "Pygments is a syntax highlighting package written in Python."
optional = false
python-versions = ">=3.8"
groups = ["main"]
files = [
    {file = "pygments-2.19.2-py3-none-any.whl", hash = "sha256:86540386c03d588bb81d44bc3928634ff26449851e99741617ecb9037ee5ec0b"},
    {file = "pygments-2.19.2.tar.gz", hash = "sha256:636cb2477cec7f8952536970bc533bc43743542f70392ae026374600add5b887"},
]

[package.extras]
windows-terminal = ["colorama (>=0.4.6)"]

[[package]]
name = "pyright"
version = "1.1.407"
description = "Command line wrapper for pyright"
optional = false
python-versions = ">=3.7"
groups = ["dev"]
files = [
    {file = "pyright-1.1.407-py3-none-any.whl", hash = "sha256:6dd419f54fcc13f03b52285796d65e639786373f433e243f8b94cf93a7444d21"},
    {file = "pyright-1.1.407.tar.gz", hash = "sha256:099674dba5c10489832d4a4b2d302636152a9a42d317986c38474c76fe562262"},
]

[package.dependencies]
nodeenv = ">=1.6.0"
typing-extensions = ">=4.1"

[package.extras]
all = ["nodejs-wheel-binaries", "twine (>=3.4.1)"]
dev = ["twine (>=3.4.1)"]
nodejs = ["nodejs-wheel-binaries"]

[[package]]
name = "pytest"
version = "8.4.2"
description = "pytest: simple powerful testing with Python"
optional = false
python-versions = ">=3.9"
groups = ["main"]
files = [
    {file = "pytest-8.4.2-py3-none-any.whl", hash = "sha256:872f880de3fc3a5bdc88a11b39c9710c3497a547cfa9320bc3c5e62fbf272e79"},
    {file = "pytest-8.4.2.tar.gz", hash = "sha256:86c0d0b93306b961d58d62a4db4879f27fe25513d4b969df351abdddb3c30e01"},
]

[package.dependencies]
colorama = {version = ">=0.4", markers = "sys_platform == \"win32\""}
exceptiongroup = {version = ">=1", markers = "python_version < \"3.11\""}
iniconfig = ">=1"
packaging = ">=20"
pluggy = ">=1.5,<2"
pygments = ">=2.7.2"
tomli = {version = ">=1", markers = "python_version < \"3.11\""}

[package.extras]
dev = ["argcomplete", "attrs (>=19.2)", "hypothesis (>=3.56)", "mock", "requests", "setuptools", "xmlschema"]

[[package]]
name = "pytokens"
version = "0.2.0"
description = "A Fast, spec compliant Python 3.13+ tokenizer that runs on older Pythons."
optional = false
python-versions = ">=3.8"
groups = ["main"]
files = [
    {file = "pytokens-0.2.0-py3-none-any.whl", hash = "sha256:74d4b318c67f4295c13782ddd9abcb7e297ec5630ad060eb90abf7ebbefe59f8"},
    {file = "pytokens-0.2.0.tar.gz", hash = "sha256:532d6421364e5869ea57a9523bf385f02586d4662acbcc0342afd69511b4dd43"},
]

[package.extras]
dev = ["black", "build", "mypy", "pytest", "pytest-cov", "setuptools", "tox", "twine", "wheel"]

[[package]]
name = "ruff"
version = "0.14.3"
description = "An extremely fast Python linter and code formatter, written in Rust."
optional = false
python-versions = ">=3.7"
groups = ["main"]
files = [
    {file = "ruff-0.14.3-py3-none-linux_armv6l.whl", hash = "sha256:876b21e6c824f519446715c1342b8e60f97f93264012de9d8d10314f8a79c371"},
    {file = "ruff-0.14.3-py3-none-macosx_10_12_x86_64.whl", hash = "sha256:b6fd8c79b457bedd2abf2702b9b472147cd860ed7855c73a5247fa55c9117654"},
    {file = "ruff-0.14.3-py3-none-macosx_11_0_arm64.whl", hash = "sha256:71ff6edca490c308f083156938c0c1a66907151263c4abdcb588602c6e696a14"},
    {file = "ruff-0.14.3-py3-none-manylinux_2_17_aarch64.manylinux2014_aarch64.whl", hash = "sha256:786ee3ce6139772ff9272aaf43296d975c0217ee1b97538a98171bf0d21f87ed"},
    {file = "ruff-0.14.3-py3-none-manylinux_2_17_armv7l.manylinux2014_armv7l.whl", hash = "sha256:cd6291d0061811c52b8e392f946889916757610d45d004e41140d81fb6cd5ddc"},
    {file = "ruff-0.14.3-py3-none-manylinux_2_17_i686.manylinux2014_i686.whl", hash = "sha256:a497ec0c3d2c88561b6d90f9c29f5ae68221ac00d471f306fa21fa4264ce5fcd"},
    {file = "ruff-0.14.3-py3-none-manylinux_2_17_ppc64.manylinux2014_ppc64.whl", hash = "sha256:e231e1be58fc568950a04fbe6887c8e4b85310e7889727e2b81db205c45059eb"},
    {file = "ruff-0.14.3-py3-none-manylinux_2_17_ppc64le.manylinux2014_ppc64le.whl", hash = "sha256:469e35872a09c0e45fecf48dd960bfbce056b5db2d5e6b50eca329b4f853ae20"},
    {file = "ruff-0.14.3-py3-none-manylinux_2_17_s390x.manylinux2014_s390x.whl", hash = "sha256:3d6bc90307c469cb9d28b7cfad90aaa600b10d67c6e22026869f585e1e8a2db0"},
    {file = "ruff-0.14.3-py3-none-manylinux_2_17_x86_64.manylinux2014_x86_64.whl", hash = "sha256:0e2f8a0bbcffcfd895df39c9a4ecd59bb80dca03dc43f7fb63e647ed176b741e"},
    {file = "ruff-0.14.3-py3-none-manylinux_2_31_riscv64.whl", hash = "sha256:678fdd7c7d2d94851597c23ee6336d25f9930b460b55f8598e011b57c74fd8c5"},
    {file = "ruff-0.14.3-py3-none-musllinux_1_2_aarch64.whl", hash = "sha256:1ec1ac071e7e37e0221d2f2dbaf90897a988c531a8592a6a5959f0603a1ecf5e"},
    {file = "ruff-0.14.3-py3-none-musllinux_1_2_armv7l.whl", hash = "sha256:afcdc4b5335ef440d19e7df9e8ae2ad9f749352190e96d481dc501b753f0733e"},
    {file = "ruff-0.14.3-py3-none-musllinux_1_2_i686.whl", hash = "sha256:7bfc42f81862749a7136267a343990f865e71fe2f99cf8d2958f684d23ce3dfa"},
    {file = "ruff-0.14.3-py3-none-musllinux_1_2_x86_64.whl", hash = "sha256:a65e448cfd7e9c59fae8cf37f9221585d3354febaad9a07f29158af1528e165f"},
    {file = "ruff-0.14.3-py3-none-win32.whl", hash = "sha256:f3d91857d023ba93e14ed2d462ab62c3428f9bbf2b4fbac50a03ca66d31991f7"},
    {file = "ruff-0.14.3-py3-none-win_amd64.whl", hash = "sha256:d7b7006ac0756306db212fd37116cce2bd307e1e109375e1c6c106002df0ae5f"},
    {file = "ruff-0.14.3-py3-none-win_arm64.whl", hash = "sha256:26eb477ede6d399d898791d01961e16b86f02bc2486d0d1a7a9bb2379d055dc1"},
    {file = "ruff-0.14.3.tar.gz", hash = "sha256:4ff876d2ab2b161b6de0aa1f5bd714e8e9b4033dc122ee006925fbacc4f62153"},
]

[[package]]
name = "tomli"
version = "2.3.0"
description = "A lil' TOML parser"
optional = false
python-versions = ">=3.8"
groups = ["main"]
markers = "python_version == \"3.10\""
files = [
    {file = "tomli-2.3.0-cp311-cp311-macosx_10_9_x86_64.whl", hash = "sha256:88bd15eb972f3664f5ed4b57c1634a97153b4bac4479dcb6a495f41921eb7f45"},
    {file = "tomli-2.3.0-cp311-cp311-macosx_11_0_arm64.whl", hash = "sha256:883b1c0d6398a6a9d29b508c331fa56adbcdff647f6ace4dfca0f50e90dfd0ba"},
    {file = "tomli-2.3.0-cp311-cp311-manylinux2014_aarch64.manylinux_2_17_aarch64.manylinux_2_28_aarch64.whl", hash = "sha256:d1381caf13ab9f300e30dd8feadb3de072aeb86f1d34a8569453ff32a7dea4bf"},
    {file = "tomli-2.3.0-cp311-cp311-manylinux2014_x86_64.manylinux_2_17_x86_64.manylinux_2_28_x86_64.whl", hash = "sha256:a0e285d2649b78c0d9027570d4da3425bdb49830a6156121360b3f8511ea3441"},
    {file = "tomli-2.3.0-cp311-cp311-musllinux_1_2_aarch64.whl", hash = "sha256:0a154a9ae14bfcf5d8917a59b51ffd5a3ac1fd149b71b47a3a104ca4edcfa845"},
    {file = "tomli-2.3.0-cp311-cp311-musllinux_1_2_x86_64.whl", hash = "sha256:74bf8464ff93e413514fefd2be591c3b0b23231a77f901db1eb30d6f712fc42c"},
    {file = "tomli-2.3.0-cp311-cp311-win32.whl", hash = "sha256:00b5f5d95bbfc7d12f91ad8c593a1659b6387b43f054104cda404be6bda62456"},
    {file = "tomli-2.3.0-cp311-cp311-win_amd64.whl", hash = "sha256:4dc4ce8483a5d429ab602f111a93a6ab1ed425eae3122032db7e9acf449451be"},
    {file = "tomli-2.3.0-cp312-cp312-macosx_10_13_x86_64.whl", hash = "sha256:d7d86942e56ded512a594786a5ba0a5e521d02529b3826e7761a05138341a2ac"},
    {file = "tomli-2.3.0-cp312-cp312-macosx_11_0_arm64.whl", hash = "sha256:73ee0b47d4dad1c5e996e3cd33b8a76a50167ae5f96a2607cbe8cc773506ab22"},
    {file = "tomli-2.3.0-cp312-cp312-manylinux2014_aarch64.manylinux_2_17_aarch64.manylinux_2_28_aarch64.whl", hash = "sha256:792262b94d5d0a466afb5bc63c7daa9d75520110971ee269152083270998316f"},
    {file = "tomli-2.3.0-cp312-cp312-manylinux2014_x86_64.manylinux_2_17_x86_64.manylinux_2_28_x86_64.whl", hash = "sha256:4f195fe57ecceac95a66a75ac24d9d5fbc98ef0962e09b2eddec5d39375aae52"},
    {file = "tomli-2.3.0-cp312-cp312-musllinux_1_2_aarch64.whl", hash = "sha256:e31d432427dcbf4d86958c184b9bfd1e96b5b71f8eb17e6d02531f434fd335b8"},
    {file = "tomli-2.3.0-cp312-cp312-musllinux_1_2_x86_64.whl", hash = "sha256:7b0882799624980785240ab732537fcfc372601015c00f7fc367c55308c186f6"},
    {file = "tomli-2.3.0-cp312-cp312-win32.whl", hash = "sha256:ff72b71b5d10d22ecb084d345fc26f42b5143c5533db5e2eaba7d2d335358876"},
    {file = "tomli-2.3.0-cp312-cp312-win_amd64.whl", hash = "sha256:1cb4ed918939151a03f33d4242ccd0aa5f11b3547d0cf30f7c74a408a5b99878"},
    {file = "tomli-2.3.0-cp313-cp313-macosx_10_13_x86_64.whl", hash = "sha256:5192f562738228945d7b13d4930baffda67b69425a7f0da96d360b0a3888136b"},
    {file = "tomli-2.3.0-cp313-cp313-macosx_11_0_arm64.whl", hash = "sha256:be71c93a63d738597996be9528f4abe628d1adf5e6eb11607bc8fe1a510b5dae"},
    {file = "tomli-2.3.0-cp313-cp313-manylinux2014_aarch64.manylinux_2_17_aarch64.manylinux_2_28_aarch64.whl", hash = "sha256:c4665508bcbac83a31ff8ab08f424b665200c0e1e645d2bd9ab3d3e557b6185b"},
    {file = "tomli-2.3.0-cp313-cp313-manylinux2014_x86_64.manylinux_2_17_x86_64.manylinux_2_28_x86_64.whl", hash = "sha256:4021923f97266babc6ccab9f5068642a0095faa0a51a246a6a02fccbb3514eaf"},
    {file = "tomli-2.3.0-cp313-cp313-musllinux_1_2_aarch64.whl", hash = "sha256:a4ea38c40145a357d513bffad0ed869f13c1773716cf71ccaa83b0fa0cc4e42f"},
    {file = "tomli-2.3.0-cp313-cp313-musllinux_1_2_x86_64.whl", hash = "sha256:ad805ea85eda330dbad64c7ea7a4556259665bdf9d2672f5dccc740eb9d3ca05"},
    {file = "tomli-2.3.0-cp313-cp313-win32.whl", hash = "sha256:97d5eec30149fd3294270e889b4234023f2c69747e555a27bd708828353ab606"},
    {file = "tomli-2.3.0-cp313-cp313-win_amd64.whl", hash = "sha256:0c95ca56fbe89e065c6ead5b593ee64b84a26fca063b5d71a1122bf26e533999"},
    {file = "tomli-2.3.0-cp314-cp314-macosx_10_13_x86_64.whl", hash = "sha256:cebc6fe843e0733ee827a282aca4999b596241195f43b4cc371d64fc6639da9e"},
    {file = "tomli-2.3.0-cp314-cp314-macosx_11_0_arm64.whl", hash = "sha256:4c2ef0244c75aba9355561272009d934953817c49f47d768070c3c94355c2aa3"},
    {file = "tomli-2.3.0-cp314-cp314-manylinux2014_aarch64.manylinux_2_17_aarch64.manylinux_2_28_aarch64.whl", hash = "sha256:c22a8bf253bacc0cf11f35ad9808b6cb75ada2631c2d97c971122583b129afbc"},
    {file = "tomli-2.3.0-cp314-cp314-manylinux2014_x86_64.manylinux_2_17_x86_64.manylinux_2_28_x86_64.whl", hash = "sha256:0eea8cc5c5e9f89c9b90c4896a8deefc74f518db5927d0e0e8d4a80953d774d0"},
    {file = "tomli-2.3.0-cp314-cp314-musllinux_1_2_aarch64.whl", hash = "sha256:b74a0e59ec5d15127acdabd75ea17726ac4c5178ae51b85bfe39c4f8a278e879"},
    {file = "tomli-2.3.0-cp314-cp314-musllinux_1_2_x86_64.whl", hash = "sha256:b5870b50c9db823c595983571d1296a6ff3e1b88f734a4c8f6fc6188397de005"},
    {file = "tomli-2.3.0-cp314-cp314-win32.whl", hash = "sha256:feb0dacc61170ed7ab602d3d972a58f14ee3ee60494292d384649a3dc38ef463"},
    {file = "tomli-2.3.0-cp314-cp314-win_amd64.whl", hash = "sha256:b273fcbd7fc64dc3600c098e39136522650c49bca95df2d11cf3b626422392c8"},
    {file = "tomli-2.3.0-cp314-cp314t-macosx_10_13_x86_64.whl", hash = "sha256:940d56ee0410fa17ee1f12b817b37a4d4e4dc4d27340863cc67236c74f582e77"},
    {file = "tomli-2.3.0-cp314-cp314t-macosx_11_0_arm64.whl", hash = "sha256:f85209946d1fe94416debbb88d00eb92ce9cd5266775424ff81bc959e001acaf"},
    {file = "tomli-2.3.0-cp314-cp314t-manylinux2014_aarch64.manylinux_2_17_aarch64.manylinux_2_28_aarch64.whl", hash = "sha256:a56212bdcce682e56b0aaf79e869ba5d15a6163f88d5451cbde388d48b13f530"},
    {file = "tomli-2.3.0-cp314-cp314t-manylinux2014_x86_64.manylinux_2_17_x86_64.manylinux_2_28_x86_64.whl", hash = "sha256:c5f3ffd1e098dfc032d4d3af5c0ac64f6d286d98bc148698356847b80fa4de1b"},
    {file = "tomli-2.3.0-cp314-cp314t-musllinux_1_2_aarch64.whl", hash = "sha256:5e01decd096b1530d97d5d85cb4dff4af2d8347bd35686654a004f8dea20fc67"},
    {file = "tomli-2.3.0-cp314-cp314t-musllinux_1_2_x86_64.whl", hash = "sha256:8a35dd0e643bb2610f156cca8db95d213a90015c11fee76c946aa62b7ae7e02f"},
    {file = "tomli-2.3.0-cp314-cp314t-win32.whl", hash = "sha256:a1f7f282fe248311650081faafa5f4732bdbfef5d45fe3f2e702fbc6f2d496e0"},
    {file = "tomli-2.3.0-cp314-cp314t-win_amd64.whl", hash = "sha256:70a251f8d4ba2d9ac2542eecf008b3c8a9fc5c3f9f02c56a9d7952612be2fdba"},
    {file = "tomli-2.3.0-py3-none-any.whl", hash = "sha256:e95b1af3c5b07d9e643909b5abbec77cd9f1217e6d0bca72b0234736b9fb1f1b"},
    {file = "tomli-2.3.0.tar.gz", hash = "sha256:64be704a875d2a59753d80ee8a533c3fe183e3f06807ff7dc2232938ccb01549"},
]

[[package]]
name = "typing-extensions"
version = "4.15.0"
description = "Backported and Experimental Type Hints for Python 3.9+"
optional = false
python-versions = ">=3.9"
groups = ["main", "dev"]
files = [
    {file = "typing_extensions-4.15.0-py3-none-any.whl", hash = "sha256:f0fa19c6845758ab08074a0cfa8b7aecb71c999ca73d62883bc25cc018c4e548"},
    {file = "typing_extensions-4.15.0.tar.gz", hash = "sha256:0cea48d173cc12fa28ecabc3b837ea3cf6f38c6d1136f85cbaaf598984861466"},
]
markers = {main = "python_version == \"3.10\""}

[metadata]
lock-version = "2.1"
python-versions = ">=3.10,<4.0"
content-hash = "3725a8d66bbd8778f04c1eb71b4a86cd7d666a9dc6c24b6d6069027dee791ebf"
